
Microsoft Visual Studio Solution File, Format Version 12.00
# Visual Studio Version 16
VisualStudioVersion = 16.0.31205.134
MinimumVisualStudioVersion = 10.0.40219.1
Project("{FAE04EC0-301F-11D3-BF4B-00C04F79EFBC}") = "XfinityMusic", "XfinityMusic\XfinityMusic.csproj", "{98E3A6F3-2E15-4781-AE71-0596A3A55047}"
EndProject
Project("{54435603-DBB4-11D2-8724-00A0C9A8B90C}") = "Setup", "Setup\Setup.vdproj", "{6CF97F14-CC7D-4A0C-8885-BAE5989749C4}"
EndProject
Global
	GlobalSection(SolutionConfigurationPlatforms) = preSolution
		Debug|Any CPU = Debug|Any CPU
		Release|Any CPU = Release|Any CPU
	EndGlobalSection
	GlobalSection(ProjectConfigurationPlatforms) = postSolution
		{98E3A6F3-2E15-4781-AE71-0596A3A55047}.Debug|Any CPU.ActiveCfg = Debug|Any CPU
		{98E3A6F3-2E15-4781-AE71-0596A3A55047}.Debug|Any CPU.Build.0 = Debug|Any CPU
		{98E3A6F3-2E15-4781-AE71-0596A3A55047}.Release|Any CPU.ActiveCfg = Release|Any CPU
		{98E3A6F3-2E15-4781-AE71-0596A3A55047}.Release|Any CPU.Build.0 = Release|Any CPU
		{6CF97F14-CC7D-4A0C-8885-BAE5989749C4}.Debug|Any CPU.ActiveCfg = Debug
		{6CF97F14-CC7D-4A0C-8885-BAE5989749C4}.Release|Any CPU.ActiveCfg = Release
	EndGlobalSection
	GlobalSection(SolutionProperties) = preSolution
		HideSolutionNode = FALSE
	EndGlobalSection
	GlobalSection(ExtensibilityGlobals) = postSolution
		SolutionGuid = {118A9E23-EED9-4BF0-93D5-AB2AFB4CBDE3}
	EndGlobalSection
EndGlobal
